github.com/donvito/hellomod v1.0.1 h1:tOU3KDwvrGW7QUHXYQnk6YUD+92aTsRmJItJTD9f4I4=
github.com/donvito/hellomod v1.0.1/go.mod h1:DuOSvrBCwGkjX0WS5ohdpC/q67fS0Mde3LEM+2jeHSw=
github.com/punxy/figuras v0.0.0-20220423223906-04bef43417f2 h1:NTpuXQVIPsFKS4OMN9KZX0UPk2jwQto7MB7CQnQ+F9A=
github.com/punxy/figuras v0.0.0-20220423223906-04bef43417f2/go.mod h1:H9yqMSIs7P+H32IvhMCgb8MEFcrt3pDwUq5v9nDWJmA=
